
Microsoft Visual Studio Solution File, Format Version 12.00
# Visual Studio 15
VisualStudioVersion = 15.0.28307.1401
MinimumVisualStudioVersion = 10.0.40219.1
Project("{159641D6-6404-4A2A-AE62-294DE0FE8301}") = "Fiorella", "Fiorella.dtproj", "{7E2CCDC8-E88B-4392-B863-7AED76726D6B}"
EndProject
Global
	GlobalSection(SolutionConfigurationPlatforms) = preSolution
		Development|Default = Development|Default
	EndGlobalSection
	GlobalSection(ProjectConfigurationPlatforms) = postSolution
		{7E2CCDC8-E88B-4392-B863-7AED76726D6B}.Development|Default.ActiveCfg = Development
		{7E2CCDC8-E88B-4392-B863-7AED76726D6B}.Development|Default.Build.0 = Development
	EndGlobalSection
	GlobalSection(SolutionProperties) = preSolution
		HideSolutionNode = FALSE
	EndGlobalSection
	GlobalSection(ExtensibilityGlobals) = postSolution
		SolutionGuid = {032165F9-6DCC-489A-96A2-C09630E85230}
	EndGlobalSection
EndGlobal
